
Microsoft Visual Studio Solution File, Format Version 12.00
# Visual Studio 15
VisualStudioVersion = 15.0.26430.6
MinimumVisualStudioVersion = 10.0.40219.1
Project("{FAE04EC0-301F-11D3-BF4B-00C04F79EFBC}") = "gtmp.evilempire.server", "gtmp.evilempire.server\gtmp.evilempire.server.csproj", "{A366BD42-1588-4FAB-915F-28E142ACD892}"
EndProject
Project("{FAE04EC0-301F-11D3-BF4B-00C04F79EFBC}") = "gtmp.evilempire.server.launcher", "gtmp.evilempire.server.launcher\gtmp.evilempire.server.launcher.csproj", "{AA73F6BE-D395-418D-9EA3-103AB09526DE}"
EndProject
Project("{FAE04EC0-301F-11D3-BF4B-00C04F79EFBC}") = "gtmp.evilempire.shared", "gtmp.evilempire.shared\gtmp.evilempire.shared.csproj", "{C568B8A5-B498-4E89-8047-598393D73EDC}"
EndProject
Project("{FAE04EC0-301F-11D3-BF4B-00C04F79EFBC}") = "gtmp.evilempire.db", "gtmp.evilempire.db\gtmp.evilempire.db.csproj", "{EE61AE9B-AF33-4741-B1D3-BD4A4BEA38F9}"
EndProject
Project("{FAE04EC0-301F-11D3-BF4B-00C04F79EFBC}") = "gtmp.evilempire.tests", "gtmp.evilempire.tests\gtmp.evilempire.tests.csproj", "{5BC4D0F4-339B-414D-874A-92F1A936078C}"
EndProject
Global
	GlobalSection(SolutionConfigurationPlatforms) = preSolution
		Debug|Any CPU = Debug|Any CPU
		Release|Any CPU = Release|Any CPU
	EndGlobalSection
	GlobalSection(ProjectConfigurationPlatforms) = postSolution
		{A366BD42-1588-4FAB-915F-28E142ACD892}.Debug|Any CPU.ActiveCfg = Debug|Any CPU
		{A366BD42-1588-4FAB-915F-28E142ACD892}.Debug|Any CPU.Build.0 = Debug|Any CPU
		{A366BD42-1588-4FAB-915F-28E142ACD892}.Release|Any CPU.ActiveCfg = Release|Any CPU
		{A366BD42-1588-4FAB-915F-28E142ACD892}.Release|Any CPU.Build.0 = Release|Any CPU
		{AA73F6BE-D395-418D-9EA3-103AB09526DE}.Debug|Any CPU.ActiveCfg = Debug|Any CPU
		{AA73F6BE-D395-418D-9EA3-103AB09526DE}.Debug|Any CPU.Build.0 = Debug|Any CPU
		{AA73F6BE-D395-418D-9EA3-103AB09526DE}.Release|Any CPU.ActiveCfg = Release|Any CPU
		{AA73F6BE-D395-418D-9EA3-103AB09526DE}.Release|Any CPU.Build.0 = Release|Any CPU
		{C568B8A5-B498-4E89-8047-598393D73EDC}.Debug|Any CPU.ActiveCfg = Debug|Any CPU
		{C568B8A5-B498-4E89-8047-598393D73EDC}.Debug|Any CPU.Build.0 = Debug|Any CPU
		{C568B8A5-B498-4E89-8047-598393D73EDC}.Release|Any CPU.ActiveCfg = Release|Any CPU
		{C568B8A5-B498-4E89-8047-598393D73EDC}.Release|Any CPU.Build.0 = Release|Any CPU
		{EE61AE9B-AF33-4741-B1D3-BD4A4BEA38F9}.Debug|Any CPU.ActiveCfg = Debug|Any CPU
		{EE61AE9B-AF33-4741-B1D3-BD4A4BEA38F9}.Debug|Any CPU.Build.0 = Debug|Any CPU
		{EE61AE9B-AF33-4741-B1D3-BD4A4BEA38F9}.Release|Any CPU.ActiveCfg = Release|Any CPU
		{EE61AE9B-AF33-4741-B1D3-BD4A4BEA38F9}.Release|Any CPU.Build.0 = Release|Any CPU
		{5BC4D0F4-339B-414D-874A-92F1A936078C}.Debug|Any CPU.ActiveCfg = Debug|Any CPU
		{5BC4D0F4-339B-414D-874A-92F1A936078C}.Debug|Any CPU.Build.0 = Debug|Any CPU
		{5BC4D0F4-339B-414D-874A-92F1A936078C}.Release|Any CPU.ActiveCfg = Release|Any CPU
		{5BC4D0F4-339B-414D-874A-92F1A936078C}.Release|Any CPU.Build.0 = Release|Any CPU
	EndGlobalSection
	GlobalSection(SolutionProperties) = preSolution
		HideSolutionNode = FALSE
	EndGlobalSection
EndGlobal
